
Microsoft Visual Studio Solution File, Format Version 12.00
# Visual Studio Version 16
VisualStudioVersion = 16.0.29920.165
MinimumVisualStudioVersion = 10.0.40219.1
Project("{9A19103F-16F7-4668-BE54-9A1E7A4F7556}") = "Project", "Project.csproj", "{F53C60D3-0054-47D3-B5F4-A4FEE6A9ACEE}"
EndProject
Project("{FAE04EC0-301F-11D3-BF4B-00C04F79EFBC}") = "ProjectTests", "..\ProjectTests\ProjectTests.csproj", "{52B3F9EB-456F-453E-94A7-0ADD21E51F76}"
EndProject
Global
	GlobalSection(SolutionConfigurationPlatforms) = preSolution
		Debug|Any CPU = Debug|Any CPU
		Release|Any CPU = Release|Any CPU
	EndGlobalSection
	GlobalSection(ProjectConfigurationPlatforms) = postSolution
		{F53C60D3-0054-47D3-B5F4-A4FEE6A9ACEE}.Debug|Any CPU.ActiveCfg = Debug|Any CPU
		{F53C60D3-0054-47D3-B5F4-A4FEE6A9ACEE}.Debug|Any CPU.Build.0 = Debug|Any CPU
		{F53C60D3-0054-47D3-B5F4-A4FEE6A9ACEE}.Release|Any CPU.ActiveCfg = Release|Any CPU
		{F53C60D3-0054-47D3-B5F4-A4FEE6A9ACEE}.Release|Any CPU.Build.0 = Release|Any CPU
		{52B3F9EB-456F-453E-94A7-0ADD21E51F76}.Debug|Any CPU.ActiveCfg = Debug|Any CPU
		{52B3F9EB-456F-453E-94A7-0ADD21E51F76}.Debug|Any CPU.Build.0 = Debug|Any CPU
		{52B3F9EB-456F-453E-94A7-0ADD21E51F76}.Release|Any CPU.ActiveCfg = Release|Any CPU
		{52B3F9EB-456F-453E-94A7-0ADD21E51F76}.Release|Any CPU.Build.0 = Release|Any CPU
	EndGlobalSection
	GlobalSection(SolutionProperties) = preSolution
		HideSolutionNode = FALSE
	EndGlobalSection
	GlobalSection(ExtensibilityGlobals) = postSolution
		SolutionGuid = {466DB8E2-C1D3-4244-BF9A-6DDF80AA2C59}
	EndGlobalSection
EndGlobal
